
Microsoft Visual Studio Solution File, Format Version 12.00
# Visual Studio 15
VisualStudioVersion = 15.0.26124.0
MinimumVisualStudioVersion = 15.0.26124.0
Project("{2150E333-8FDC-42A3-9474-1A3956D46DE8}") = "src", "src", "{76E7B55D-B357-40E9-902A-C0803BF5D129}"
EndProject
Project("{FAE04EC0-301F-11D3-BF4B-00C04F79EFBC}") = "Phema.Random", "src\Phema.Random\Phema.Random.csproj", "{8C9D173D-B7A6-4F17-9F77-342E101C6802}"
EndProject
Project("{FAE04EC0-301F-11D3-BF4B-00C04F79EFBC}") = "Phema.Random.Crypto", "src\Phema.Random.Crypto\Phema.Random.Crypto.csproj", "{81A6BCCE-8A4E-4E73-B10F-5182286EB860}"
EndProject
Project("{FAE04EC0-301F-11D3-BF4B-00C04F79EFBC}") = "Phema.Random.Core", "src\Phema.Random.Core\Phema.Random.Core.csproj", "{F8198D0E-1172-4D8D-A21E-25C2DCAB43A2}"
EndProject
Project("{2150E333-8FDC-42A3-9474-1A3956D46DE8}") = "tests", "tests", "{19F04925-E65C-47DB-9A9D-2293692B4D7B}"
EndProject
Project("{FAE04EC0-301F-11D3-BF4B-00C04F79EFBC}") = "Phema.Random.Tests", "Phema.Random.Tests\Phema.Random.Tests.csproj", "{EBEF3780-9F06-40F7-9777-738FE878FC0E}"
EndProject
Project("{FAE04EC0-301F-11D3-BF4B-00C04F79EFBC}") = "Phema.Random.Crypto.Tests", "Phema.Random.Crypto.Tests\Phema.Random.Crypto.Tests.csproj", "{3BDACAF3-8C05-4ABF-8E8F-86C4E0CBC7B5}"
EndProject
Global
	GlobalSection(SolutionConfigurationPlatforms) = preSolution
		Debug|Any CPU = Debug|Any CPU
		Debug|x64 = Debug|x64
		Debug|x86 = Debug|x86
		Release|Any CPU = Release|Any CPU
		Release|x64 = Release|x64
		Release|x86 = Release|x86
	EndGlobalSection
	GlobalSection(SolutionProperties) = preSolution
		HideSolutionNode = FALSE
	EndGlobalSection
	GlobalSection(ProjectConfigurationPlatforms) = postSolution
		{8C9D173D-B7A6-4F17-9F77-342E101C6802}.Debug|Any CPU.ActiveCfg = Debug|Any CPU
		{8C9D173D-B7A6-4F17-9F77-342E101C6802}.Debug|Any CPU.Build.0 = Debug|Any CPU
		{8C9D173D-B7A6-4F17-9F77-342E101C6802}.Debug|x64.ActiveCfg = Debug|Any CPU
		{8C9D173D-B7A6-4F17-9F77-342E101C6802}.Debug|x64.Build.0 = Debug|Any CPU
		{8C9D173D-B7A6-4F17-9F77-342E101C6802}.Debug|x86.ActiveCfg = Debug|Any CPU
		{8C9D173D-B7A6-4F17-9F77-342E101C6802}.Debug|x86.Build.0 = Debug|Any CPU
		{8C9D173D-B7A6-4F17-9F77-342E101C6802}.Release|Any CPU.ActiveCfg = Release|Any CPU
		{8C9D173D-B7A6-4F17-9F77-342E101C6802}.Release|Any CPU.Build.0 = Release|Any CPU
		{8C9D173D-B7A6-4F17-9F77-342E101C6802}.Release|x64.ActiveCfg = Release|Any CPU
		{8C9D173D-B7A6-4F17-9F77-342E101C6802}.Release|x64.Build.0 = Release|Any CPU
		{8C9D173D-B7A6-4F17-9F77-342E101C6802}.Release|x86.ActiveCfg = Release|Any CPU
		{8C9D173D-B7A6-4F17-9F77-342E101C6802}.Release|x86.Build.0 = Release|Any CPU
		{81A6BCCE-8A4E-4E73-B10F-5182286EB860}.Debug|Any CPU.ActiveCfg = Debug|Any CPU
		{81A6BCCE-8A4E-4E73-B10F-5182286EB860}.Debug|Any CPU.Build.0 = Debug|Any CPU
		{81A6BCCE-8A4E-4E73-B10F-5182286EB860}.Debug|x64.ActiveCfg = Debug|Any CPU
		{81A6BCCE-8A4E-4E73-B10F-5182286EB860}.Debug|x64.Build.0 = Debug|Any CPU
		{81A6BCCE-8A4E-4E73-B10F-5182286EB860}.Debug|x86.ActiveCfg = Debug|Any CPU
		{81A6BCCE-8A4E-4E73-B10F-5182286EB860}.Debug|x86.Build.0 = Debug|Any CPU
		{81A6BCCE-8A4E-4E73-B10F-5182286EB860}.Release|Any CPU.ActiveCfg = Release|Any CPU
		{81A6BCCE-8A4E-4E73-B10F-5182286EB860}.Release|Any CPU.Build.0 = Release|Any CPU
		{81A6BCCE-8A4E-4E73-B10F-5182286EB860}.Release|x64.ActiveCfg = Release|Any CPU
		{81A6BCCE-8A4E-4E73-B10F-5182286EB860}.Release|x64.Build.0 = Release|Any CPU
		{81A6BCCE-8A4E-4E73-B10F-5182286EB860}.Release|x86.ActiveCfg = Release|Any CPU
		{81A6BCCE-8A4E-4E73-B10F-5182286EB860}.Release|x86.Build.0 = Release|Any CPU
		{F8198D0E-1172-4D8D-A21E-25C2DCAB43A2}.Debug|Any CPU.ActiveCfg = Debug|Any CPU
		{F8198D0E-1172-4D8D-A21E-25C2DCAB43A2}.Debug|Any CPU.Build.0 = Debug|Any CPU
		{F8198D0E-1172-4D8D-A21E-25C2DCAB43A2}.Debug|x64.ActiveCfg = Debug|Any CPU
		{F8198D0E-1172-4D8D-A21E-25C2DCAB43A2}.Debug|x64.Build.0 = Debug|Any CPU
		{F8198D0E-1172-4D8D-A21E-25C2DCAB43A2}.Debug|x86.ActiveCfg = Debug|Any CPU
		{F8198D0E-1172-4D8D-A21E-25C2DCAB43A2}.Debug|x86.Build.0 = Debug|Any CPU
		{F8198D0E-1172-4D8D-A21E-25C2DCAB43A2}.Release|Any CPU.ActiveCfg = Release|Any CPU
		{F8198D0E-1172-4D8D-A21E-25C2DCAB43A2}.Release|Any CPU.Build.0 = Release|Any CPU
		{F8198D0E-1172-4D8D-A21E-25C2DCAB43A2}.Release|x64.ActiveCfg = Release|Any CPU
		{F8198D0E-1172-4D8D-A21E-25C2DCAB43A2}.Release|x64.Build.0 = Release|Any CPU
		{F8198D0E-1172-4D8D-A21E-25C2DCAB43A2}.Release|x86.ActiveCfg = Release|Any CPU
		{F8198D0E-1172-4D8D-A21E-25C2DCAB43A2}.Release|x86.Build.0 = Release|Any CPU
		{EBEF3780-9F06-40F7-9777-738FE878FC0E}.Debug|Any CPU.ActiveCfg = Debug|Any CPU
		{EBEF3780-9F06-40F7-9777-738FE878FC0E}.Debug|Any CPU.Build.0 = Debug|Any CPU
		{EBEF3780-9F06-40F7-9777-738FE878FC0E}.Debug|x64.ActiveCfg = Debug|Any CPU
		{EBEF3780-9F06-40F7-9777-738FE878FC0E}.Debug|x64.Build.0 = Debug|Any CPU
		{EBEF3780-9F06-40F7-9777-738FE878FC0E}.Debug|x86.ActiveCfg = Debug|Any CPU
		{EBEF3780-9F06-40F7-9777-738FE878FC0E}.Debug|x86.Build.0 = Debug|Any CPU
		{EBEF3780-9F06-40F7-9777-738FE878FC0E}.Release|Any CPU.ActiveCfg = Release|Any CPU
		{EBEF3780-9F06-40F7-9777-738FE878FC0E}.Release|Any CPU.Build.0 = Release|Any CPU
		{EBEF3780-9F06-40F7-9777-738FE878FC0E}.Release|x64.ActiveCfg = Release|Any CPU
		{EBEF3780-9F06-40F7-9777-738FE878FC0E}.Release|x64.Build.0 = Release|Any CPU
		{EBEF3780-9F06-40F7-9777-738FE878FC0E}.Release|x86.ActiveCfg = Release|Any CPU
		{EBEF3780-9F06-40F7-9777-738FE878FC0E}.Release|x86.Build.0 = Release|Any CPU
		{3BDACAF3-8C05-4ABF-8E8F-86C4E0CBC7B5}.Debug|Any CPU.ActiveCfg = Debug|Any CPU
		{3BDACAF3-8C05-4ABF-8E8F-86C4E0CBC7B5}.Debug|Any CPU.Build.0 = Debug|Any CPU
		{3BDACAF3-8C05-4ABF-8E8F-86C4E0CBC7B5}.Debug|x64.ActiveCfg = Debug|Any CPU
		{3BDACAF3-8C05-4ABF-8E8F-86C4E0CBC7B5}.Debug|x64.Build.0 = Debug|Any CPU
		{3BDACAF3-8C05-4ABF-8E8F-86C4E0CBC7B5}.Debug|x86.ActiveCfg = Debug|Any CPU
		{3BDACAF3-8C05-4ABF-8E8F-86C4E0CBC7B5}.Debug|x86.Build.0 = Debug|Any CPU
		{3BDACAF3-8C05-4ABF-8E8F-86C4E0CBC7B5}.Release|Any CPU.ActiveCfg = Release|Any CPU
		{3BDACAF3-8C05-4ABF-8E8F-86C4E0CBC7B5}.Release|Any CPU.Build.0 = Release|Any CPU
		{3BDACAF3-8C05-4ABF-8E8F-86C4E0CBC7B5}.Release|x64.ActiveCfg = Release|Any CPU
		{3BDACAF3-8C05-4ABF-8E8F-86C4E0CBC7B5}.Release|x64.Build.0 = Release|Any CPU
		{3BDACAF3-8C05-4ABF-8E8F-86C4E0CBC7B5}.Release|x86.ActiveCfg = Release|Any CPU
		{3BDACAF3-8C05-4ABF-8E8F-86C4E0CBC7B5}.Release|x86.Build.0 = Release|Any CPU
	EndGlobalSection
	GlobalSection(NestedProjects) = preSolution
		{8C9D173D-B7A6-4F17-9F77-342E101C6802} = {76E7B55D-B357-40E9-902A-C0803BF5D129}
		{81A6BCCE-8A4E-4E73-B10F-5182286EB860} = {76E7B55D-B357-40E9-902A-C0803BF5D129}
		{F8198D0E-1172-4D8D-A21E-25C2DCAB43A2} = {76E7B55D-B357-40E9-902A-C0803BF5D129}
		{EBEF3780-9F06-40F7-9777-738FE878FC0E} = {19F04925-E65C-47DB-9A9D-2293692B4D7B}
		{3BDACAF3-8C05-4ABF-8E8F-86C4E0CBC7B5} = {19F04925-E65C-47DB-9A9D-2293692B4D7B}
	EndGlobalSection
EndGlobal
